# THIS IS AN AUTOGENERATED FILE. DO NOT EDIT THIS FILE DIRECTLY.
# yarn lockfile v1


parinfer-codemirror@^1.4.2:
  version "1.4.2"
  resolved "https://registry.yarnpkg.com/parinfer-codemirror/-/parinfer-codemirror-1.4.2.tgz#2b9b7f27af65bf14282034a17731d4a82367d046"
  integrity sha1-K5t/J69lvxQoIDShdzHUqCNn0EY=
  dependencies:
    parinfer "^3.11.0"

parinfer@^3.11.0:
  version "3.12.0"
  resolved "https://registry.yarnpkg.com/parinfer/-/parinfer-3.12.0.tgz#6ea16236319717d579275aa9a94ed1197c3cbd62"
  integrity sha512-iViQ8vtJ6CEa9x0SxcQCtsOYSCVVu7ILnuUJfKHPEGjxM0Z6R1EdAJX3kWyqZDrszvQyYWl/XpD9pN2IFgSF/g==
