# THIS IS AN AUTOGENERATED FILE. DO NOT EDIT THIS FILE DIRECTLY.
# yarn lockfile v1


"@blueprintjs/icons@3.14.0":
  version "3.14.0"
  resolved "https://registry.yarnpkg.com/@blueprintjs/icons/-/icons-3.14.0.tgz#9f9a51b116907d103e4e2e9b78d53d4ac6f107fd"
  integrity sha512-cvQ3CSdy0DqVqcXcPqSxoycJw497TVP5goyE6xCFlVs84477ahxh7Uung6J+CCoDVBuI87h576LtuyjwSxorvQ==
  dependencies:
    classnames "^2.2"
    tslib "~1.10.0"

classnames@^2.2:
  version "2.2.6"
  resolved "https://registry.yarnpkg.com/classnames/-/classnames-2.2.6.tgz#43935bffdd291f326dad0a205309b38d00f650ce"
  integrity sha512-JR/iSQOSt+LQIWwrwEzJ9uk0xfN3mTVYMwt1Ir5mUcSN6pU+V4zQFFaJsclJbPuAUQH+yfWef6tm7l1quW3C8Q==

tslib@~1.10.0:
  version "1.10.0"
  resolved "https://registry.yarnpkg.com/tslib/-/tslib-1.10.0.tgz#c3c19f95973fb0a62973fb09d90d961ee43e5c8a"
  integrity sha512-qOebF53frne81cf0S9B41ByenJ3/IuH8yJKngAX35CmiZySA0khhkovshKK+jGCaMnVomla7gVlIcc3EvKPbTQ==
