GEM
  remote: https://rubygems.org/
  specs:
    CFPropertyList (3.0.8)
    abbrev (0.1.2)
    addressable (2.9.0)
      public_suffix (>= 2.0.2, < 8.0)
    artifactory (3.0.17)
    atomos (0.1.3)
    aws-eventstream (1.4.0)
    aws-partitions (1.1292.0)
    aws-sdk-core (3.257.0)
      aws-eventstream (~> 1, >= 1.3.0)
      aws-partitions (~> 1, >= 1.992.0)
      aws-sigv4 (~> 1.9)
      base64
      bigdecimal
      jmespath (~> 1, >= 1.6.1)
      logger
      rexml (~> 3.4, >= 3.4.2)
    aws-sdk-kms (1.132.0)
      aws-sdk-core (~> 3, >= 3.256.0)
      aws-sigv4 (~> 1.5)
    aws-sdk-s3 (1.233.1)
      aws-sdk-core (~> 3, >= 3.256.0)
      aws-sdk-kms (~> 1)
      aws-sigv4 (~> 1.5)
    aws-sigv4 (1.12.1)
      aws-eventstream (~> 1, >= 1.0.2)
    babosa (1.0.4)
    base64 (0.3.0)
    benchmark (0.5.0)
    bigdecimal (4.1.3)
    cgi (0.5.2)
    claide (1.1.0)
    colored (1.2)
    colored2 (3.1.2)
    commander (4.6.0)
      highline (~> 2.0.0)
    csv (3.3.6)
    declarative (0.0.20)
    digest-crc (0.7.0)
      rake (>= 12.0.0, < 14.0.0)
    domain_name (0.6.20260921)
    dotenv (2.8.1)
    emoji_regex (3.2.3)
    erb (6.0.7)
    excon (1.7.2)
      logger
    faraday (2.14.4)
      faraday-net_http (>= 2.0, < 3.5)
      json
      logger
    faraday-cookie_jar (0.0.8)
      faraday (>= 0.8.0)
      http-cookie (>= 1.0.0)
    faraday-follow_redirects (0.5.0)
      faraday (>= 1, < 3)
    faraday-multipart (1.2.0)
      multipart-post (~> 2.0)
    faraday-net_http (3.4.4)
      net-http (~> 0.5)
    faraday-retry (2.4.0)
      faraday (~> 2.0)
    fastimage (2.4.1)
    fastlane (2.240.1)
      CFPropertyList (>= 2.3, < 5.0.0)
      abbrev (~> 0.1)
      addressable (>= 2.9.0, < 3.0.0)
      artifactory (~> 3.0)
      aws-sdk-s3 (~> 1.197)
      babosa (>= 1.0.3, < 2.0.0)
      base64 (~> 0.2)
      benchmark (>= 0.1.0)
      bundler (>= 2.4.0, < 5.0.0)
      cgi (~> 0.4)
      colored (~> 1.2)
      commander (~> 4.6)
      csv (~> 3.3)
      dotenv (>= 2.1.1, < 3.0.0)
      emoji_regex (>= 0.1, < 4.0)
      excon (>= 0.71.0, < 2.0.0)
      faraday (~> 2.7)
      faraday-cookie_jar (~> 0.0.8)
      faraday-follow_redirects (~> 0.3)
      faraday-multipart (~> 1.0)
      faraday-retry (~> 2.0)
      fastimage (>= 2.1.0, < 3.0.0)
      fastlane-sirp (>= 1.1.0)
      gh_inspector (>= 1.1.2, < 2.0.0)
      google-apis-androidpublisher_v3 (~> 0.99)
      google-apis-playcustomapp_v1 (~> 0.1)
      google-cloud-env (>= 1.6.0, < 2.4.0)
      google-cloud-storage (~> 1.31)
      highline (~> 2.0)
      irb (>= 1.8)
      json (< 3.0.0)
      jwt (>= 2.10.3, < 4)
      logger (>= 1.6, < 2.0)
      mini_magick (>= 4.9.4, < 5.0.0)
      multi_json (~> 1.12)
      multipart-post (>= 2.0.0, < 3.0.0)
      mutex_m (~> 0.3)
      naturally (~> 2.2)
      nkf (~> 0.2)
      optparse (>= 0.1.1, < 1.0.0)
      ostruct (>= 0.1.0)
      plist (>= 3.1.0, < 4.0.0)
      rubyzip (>= 3.4.0, < 4.0.0)
      security (~> 0.3)
      simctl (~> 1.6.3)
      terminal-notifier (>= 2.0.0, < 3.0.0)
      terminal-table (~> 4)
      tty-screen (>= 0.6.3, < 1.0.0)
      tty-spinner (>= 0.8.0, < 1.0.0)
      word_wrap (~> 1.0.0)
      xcodeproj (>= 1.13.0, < 2.0.0)
      xcpretty (~> 0.4.1)
      xcpretty-travis-formatter (>= 0.0.3, < 2.0.0)
    fastlane-sirp (1.1.0)
    gh_inspector (1.1.3)
    google-apis-androidpublisher_v3 (0.109.0)
      google-apis-core (>= 0.15.0, < 2.a)
    google-apis-core (1.2.5)
      addressable (~> 2.9)
      faraday (~> 2.13)
      faraday-follow_redirects (~> 0.3)
      googleauth (~> 1.14)
      mini_mime (~> 1.1)
      multi_json (~> 1.11)
      representable (~> 3.0)
      retriable (>= 3.1, < 5.0)
    google-apis-iamcredentials_v1 (0.28.0)
      google-apis-core (>= 0.15.0, < 2.a)
    google-apis-playcustomapp_v1 (0.18.0)
      google-apis-core (>= 0.15.0, < 2.a)
    google-apis-storage_v1 (0.68.0)
      google-apis-core (>= 0.15.0, < 2.a)
    google-cloud-core (1.9.0)
      google-cloud-env (>= 1.0, < 3.a)
      google-cloud-errors (~> 1.0)
    google-cloud-env (2.3.1)
      base64 (~> 0.2)
      faraday (>= 1.0, < 3.a)
    google-cloud-errors (1.7.0)
    google-cloud-storage (1.62.1)
      addressable (~> 2.8)
      digest-crc (~> 0.4)
      google-apis-core (>= 0.18, < 2)
      google-apis-iamcredentials_v1 (~> 0.18)
      google-apis-storage_v1 (>= 0.42)
      google-cloud-core (~> 1.6)
      googleauth (~> 1.9)
      mini_mime (~> 1.0)
    google-logging-utils (0.2.0)
    googleauth (1.17.4)
      faraday (>= 1.0, < 3.a)
      google-cloud-env (~> 2.2)
      google-logging-utils (~> 0.1)
      jwt (>= 1.4, < 4.0)
      os (>= 0.9, < 2.0)
      pstore (~> 0.1)
      signet (>= 0.16, < 2.a)
    highline (2.0.3)
    http-cookie (1.1.6)
      domain_name (~> 0.5)
    io-console (0.9.4)
    irb (1.18.0)
      pp (>= 0.6.0)
      prism (>= 1.3.0)
      rdoc (>= 4.0.0)
      reline (>= 0.4.2)
    jmespath (1.6.2)
    json (2.21.2)
    jwt (3.3.0)
      base64
    logger (1.7.0)
    mini_magick (4.13.2)
    mini_mime (1.1.5)
    multi_json (1.21.2)
    multipart-post (2.4.1)
    mutex_m (0.3.0)
    nanaimo (0.4.0)
    naturally (2.3.0)
    net-http (0.9.1)
      uri (>= 0.11.1)
    nkf (0.3.0)
    optparse (0.8.1)
    os (1.1.4)
    ostruct (0.6.3)
    plist (3.7.2)
    pp (0.6.4)
      prettyprint
    prettyprint (0.2.0)
    prism (1.9.0)
    pstore (0.2.1)
    public_suffix (7.0.5)
    rake (13.4.2)
    rbs (4.2.0)
      logger
      prism (>= 1.6.0)
      tsort
    rdoc (8.1.0)
      erb
      prism (>= 1.6.0)
      rbs (>= 4.0.0)
      tsort
    reline (0.7.0)
      io-console (~> 0.5)
    representable (3.3.1)
      declarative (< 0.1.0)
      trailblazer-option (>= 0.1.1, < 0.2.0)
      uber (< 0.2.0)
    retriable (4.2.0)
    rexml (3.4.4)
    rouge (3.28.0)
    rubyzip (3.7.0)
    security (0.3.0)
    signet (0.22.0)
      addressable (~> 2.8)
      faraday (>= 0.17.5, < 3.a)
      jwt (>= 1.5, < 4.0)
    simctl (1.6.10)
      CFPropertyList
      naturally
    terminal-notifier (2.0.0)
    terminal-table (4.0.0)
      unicode-display_width (>= 1.1.1, < 4)
    trailblazer-option (0.1.2)
    tsort (0.2.0)
    tty-cursor (0.7.1)
    tty-screen (0.8.2)
    tty-spinner (0.9.3)
      tty-cursor (~> 0.7)
    uber (0.1.0)
    unicode-display_width (3.3.0)
      unicode-emoji (~> 4.3)
    unicode-emoji (4.3.0)
    uri (1.1.1)
    word_wrap (1.0.0)
    xcodeproj (1.28.1)
      CFPropertyList (>= 2.3.3, < 4.0)
      atomos (~> 0.1.3)
      base64
      claide (>= 1.0.2, < 2.0)
      colored2 (~> 3.1)
      nanaimo (~> 0.4.0)
      nkf
      rexml (>= 3.3.6, < 4.0)
    xcpretty (0.4.1)
      rouge (~> 3.28.0)
    xcpretty-travis-formatter (1.0.1)
      xcpretty (~> 0.2, >= 0.0.7)

PLATFORMS
  arm64-darwin-24
  ruby

DEPENDENCIES
  fastlane (= 2.240.1)

BUNDLED WITH
   2.7.2
