PODS:
  - AparajitaCapacitorSecureStorage (7.1.6):
    - Capacitor
    - KeychainSwift (~> 21.0)
  - Capacitor (7.2.0):
    - CapacitorCordova
  - CapacitorActionSheet (7.0.1):
    - Capacitor
  - CapacitorApp (7.0.1):
    - Capacitor
  - CapacitorCamera (7.0.1):
    - Capacitor
  - CapacitorClipboard (7.0.2):
    - Capacitor
  - CapacitorCommunitySafeArea (7.0.0-alpha.1):
    - Capacitor
  - CapacitorCordova (7.2.0)
  - CapacitorDevice (7.0.2):
    - Capacitor
  - CapacitorDialog (7.0.2):
    - Capacitor
  - CapacitorFilesystem (7.0.1):
    - Capacitor
  - CapacitorHaptics (7.0.1):
    - Capacitor
  - CapacitorKeyboard (7.0.1):
    - Capacitor
  - CapacitorNetwork (7.0.1):
    - Capacitor
  - CapacitorShare (7.0.1):
    - Capacitor
  - CapacitorSplashScreen (7.0.1):
    - Capacitor
  - CapacitorStatusBar (7.0.1):
    - Capacitor
  - CapgoCapacitorNavigationBar (7.1.32):
    - Capacitor
  - Drops (1.7.0)
  - JcesarmobileSslSkip (0.4.0):
    - Capacitor
  - KeychainSwift (21.0.0)
  - SendIntent (7.0.0):
    - Capacitor

DEPENDENCIES:
  - "AparajitaCapacitorSecureStorage (from `../../node_modules/@aparajita/capacitor-secure-storage`)"
  - "Capacitor (from `../../node_modules/@capacitor/ios`)"
  - "CapacitorActionSheet (from `../../node_modules/@capacitor/action-sheet`)"
  - "CapacitorApp (from `../../node_modules/@capacitor/app`)"
  - "CapacitorCamera (from `../../node_modules/@capacitor/camera`)"
  - "CapacitorClipboard (from `../../node_modules/@capacitor/clipboard`)"
  - "CapacitorCommunitySafeArea (from `../../node_modules/@capacitor-community/safe-area`)"
  - "CapacitorCordova (from `../../node_modules/@capacitor/ios`)"
  - "CapacitorDevice (from `../../node_modules/@capacitor/device`)"
  - "CapacitorDialog (from `../../node_modules/@capacitor/dialog`)"
  - "CapacitorFilesystem (from `../../node_modules/@capacitor/filesystem`)"
  - "CapacitorHaptics (from `../../node_modules/@capacitor/haptics`)"
  - "CapacitorKeyboard (from `../../node_modules/@capacitor/keyboard`)"
  - "CapacitorNetwork (from `../../node_modules/@capacitor/network`)"
  - "CapacitorShare (from `../../node_modules/@capacitor/share`)"
  - "CapacitorSplashScreen (from `../../node_modules/@capacitor/splash-screen`)"
  - "CapacitorStatusBar (from `../../node_modules/@capacitor/status-bar`)"
  - "CapgoCapacitorNavigationBar (from `../../node_modules/@capgo/capacitor-navigation-bar`)"
  - Drops (from `https://github.com/omaralbeik/Drops.git`, tag `1.7.0`)
  - "JcesarmobileSslSkip (from `../../node_modules/@jcesarmobile/ssl-skip`)"
  - SendIntent (from `../../node_modules/send-intent`)

SPEC REPOS:
  trunk:
    - KeychainSwift

EXTERNAL SOURCES:
  AparajitaCapacitorSecureStorage:
    :path: "../../node_modules/@aparajita/capacitor-secure-storage"
  Capacitor:
    :path: "../../node_modules/@capacitor/ios"
  CapacitorActionSheet:
    :path: "../../node_modules/@capacitor/action-sheet"
  CapacitorApp:
    :path: "../../node_modules/@capacitor/app"
  CapacitorCamera:
    :path: "../../node_modules/@capacitor/camera"
  CapacitorClipboard:
    :path: "../../node_modules/@capacitor/clipboard"
  CapacitorCommunitySafeArea:
    :path: "../../node_modules/@capacitor-community/safe-area"
  CapacitorCordova:
    :path: "../../node_modules/@capacitor/ios"
  CapacitorDevice:
    :path: "../../node_modules/@capacitor/device"
  CapacitorDialog:
    :path: "../../node_modules/@capacitor/dialog"
  CapacitorFilesystem:
    :path: "../../node_modules/@capacitor/filesystem"
  CapacitorHaptics:
    :path: "../../node_modules/@capacitor/haptics"
  CapacitorKeyboard:
    :path: "../../node_modules/@capacitor/keyboard"
  CapacitorNetwork:
    :path: "../../node_modules/@capacitor/network"
  CapacitorShare:
    :path: "../../node_modules/@capacitor/share"
  CapacitorSplashScreen:
    :path: "../../node_modules/@capacitor/splash-screen"
  CapacitorStatusBar:
    :path: "../../node_modules/@capacitor/status-bar"
  CapgoCapacitorNavigationBar:
    :path: "../../node_modules/@capgo/capacitor-navigation-bar"
  Drops:
    :git: https://github.com/omaralbeik/Drops.git
    :tag: 1.7.0
  JcesarmobileSslSkip:
    :path: "../../node_modules/@jcesarmobile/ssl-skip"
  SendIntent:
    :path: "../../node_modules/send-intent"

CHECKOUT OPTIONS:
  Drops:
    :git: https://github.com/omaralbeik/Drops.git
    :tag: 1.7.0

SPEC CHECKSUMS:
  AparajitaCapacitorSecureStorage: 502bff73187cf9d0164459458ccf47ec65d5895a
  Capacitor: 03bc7cbdde6a629a8b910a9d7d78c3cc7ed09ea7
  CapacitorActionSheet: 4213427449132ae4135674d93010cb011725647e
  CapacitorApp: febecbb9582cb353aed037e18ec765141f880fe9
  CapacitorCamera: 6e73f1fc6c629a672658705a02409b60854bc0f1
  CapacitorClipboard: 7e227702976d4435a5a40df54f65e154d0dfc1f3
  CapacitorCommunitySafeArea: 3f049619072ab5d0da2529bcb05b358ff6c13dc1
  CapacitorCordova: 5967b9ba03915ef1d585469d6e31f31dc49be96f
  CapacitorDevice: 81ae78d5d1942707caad79276badd458bf6ec603
  CapacitorDialog: 5bf72a94b747fb339df6f64ef60812e5e4630ad2
  CapacitorFilesystem: e6261c410436f54908c11f94336c5b58286b1db0
  CapacitorHaptics: 1f1e17041f435d8ead9ff2a34edd592c6aa6a8d6
  CapacitorKeyboard: 09fd91dcde4f8a37313e7f11bde553ad1ed52036
  CapacitorNetwork: 15cb4385f0913a8ceb5e9a4d7af1ec554bdb8de8
  CapacitorShare: e573823f511f260f598d0423c33b1e3d7bbe5fd1
  CapacitorSplashScreen: 1d67815a422a9b61539c94f283c08ed56667c0fc
  CapacitorStatusBar: 6e7af040d8fc4dd655999819625cae9c2d74c36f
  CapgoCapacitorNavigationBar: 067b1c1d1ede5ce96200a730ce7fd498e9641509
  Drops: 5155b9ede54a2666b2129ac33f0734509b9f0784
  JcesarmobileSslSkip: 5fa98636a64c36faa50f32ab4daf34e38f4d45b9
  KeychainSwift: 4a71a45c802fd9e73906457c2dcbdbdc06c9419d
  SendIntent: 8a6f646a4489f788d253ffbd1082a98ea388d870

PODFILE CHECKSUM: 1c189d247853db0fb95af02c1df130a117c2d626

COCOAPODS: 1.16.2
