PODS:
  - Capacitor (7.2.0):
    - CapacitorCordova
  - CapacitorActionSheet (7.0.1):
    - Capacitor
  - CapacitorApp (7.0.1):
    - Capacitor
  - CapacitorCamera (7.0.1):
    - Capacitor
  - CapacitorClipboard (7.0.1):
    - Capacitor
  - CapacitorCommunitySafeArea (7.0.0-alpha.1):
    - Capacitor
  - CapacitorCordova (7.2.0)
  - CapacitorDevice (7.0.2):
    - Capacitor
  - CapacitorFilesystem (7.0.1):
    - Capacitor
  - CapacitorHaptics (7.0.1):
    - Capacitor
  - CapacitorKeyboard (7.0.1):
    - Capacitor
  - CapacitorNetwork (7.0.1):
    - Capacitor
  - CapacitorShare (7.0.1):
    - Capacitor
  - CapacitorSplashScreen (7.0.1):
    - Capacitor
  - CapacitorStatusBar (7.0.1):
    - Capacitor
  - CapgoCapacitorNavigationBar (7.1.32):
    - Capacitor
  - JcesarmobileSslSkip (0.4.0):
    - Capacitor
  - SendIntent (7.0.0):
    - Capacitor
  - StayLiquid (0.1.0):
    - Capacitor (>= 6.0.0)

DEPENDENCIES:
  - "Capacitor (from `../../node_modules/@capacitor/ios`)"
  - "CapacitorActionSheet (from `../../node_modules/@capacitor/action-sheet`)"
  - "CapacitorApp (from `../../node_modules/@capacitor/app`)"
  - "CapacitorCamera (from `../../node_modules/@capacitor/camera`)"
  - "CapacitorClipboard (from `../../node_modules/@capacitor/clipboard`)"
  - "CapacitorCommunitySafeArea (from `../../node_modules/@capacitor-community/safe-area`)"
  - "CapacitorCordova (from `../../node_modules/@capacitor/ios`)"
  - "CapacitorDevice (from `../../node_modules/@capacitor/device`)"
  - "CapacitorFilesystem (from `../../node_modules/@capacitor/filesystem`)"
  - "CapacitorHaptics (from `../../node_modules/@capacitor/haptics`)"
  - "CapacitorKeyboard (from `../../node_modules/@capacitor/keyboard`)"
  - "CapacitorNetwork (from `../../node_modules/@capacitor/network`)"
  - "CapacitorShare (from `../../node_modules/@capacitor/share`)"
  - "CapacitorSplashScreen (from `../../node_modules/@capacitor/splash-screen`)"
  - "CapacitorStatusBar (from `../../node_modules/@capacitor/status-bar`)"
  - "CapgoCapacitorNavigationBar (from `../../node_modules/@capgo/capacitor-navigation-bar`)"
  - "JcesarmobileSslSkip (from `../../node_modules/@jcesarmobile/ssl-skip`)"
  - SendIntent (from `../../node_modules/send-intent`)
  - StayLiquid (from `../../node_modules/stay-liquid`)

EXTERNAL SOURCES:
  Capacitor:
    :path: "../../node_modules/@capacitor/ios"
  CapacitorActionSheet:
    :path: "../../node_modules/@capacitor/action-sheet"
  CapacitorApp:
    :path: "../../node_modules/@capacitor/app"
  CapacitorCamera:
    :path: "../../node_modules/@capacitor/camera"
  CapacitorClipboard:
    :path: "../../node_modules/@capacitor/clipboard"
  CapacitorCommunitySafeArea:
    :path: "../../node_modules/@capacitor-community/safe-area"
  CapacitorCordova:
    :path: "../../node_modules/@capacitor/ios"
  CapacitorDevice:
    :path: "../../node_modules/@capacitor/device"
  CapacitorFilesystem:
    :path: "../../node_modules/@capacitor/filesystem"
  CapacitorHaptics:
    :path: "../../node_modules/@capacitor/haptics"
  CapacitorKeyboard:
    :path: "../../node_modules/@capacitor/keyboard"
  CapacitorNetwork:
    :path: "../../node_modules/@capacitor/network"
  CapacitorShare:
    :path: "../../node_modules/@capacitor/share"
  CapacitorSplashScreen:
    :path: "../../node_modules/@capacitor/splash-screen"
  CapacitorStatusBar:
    :path: "../../node_modules/@capacitor/status-bar"
  CapgoCapacitorNavigationBar:
    :path: "../../node_modules/@capgo/capacitor-navigation-bar"
  JcesarmobileSslSkip:
    :path: "../../node_modules/@jcesarmobile/ssl-skip"
  SendIntent:
    :path: "../../node_modules/send-intent"
  StayLiquid:
    :path: "../../node_modules/stay-liquid"

SPEC CHECKSUMS:
  Capacitor: 03bc7cbdde6a629a8b910a9d7d78c3cc7ed09ea7
  CapacitorActionSheet: 4213427449132ae4135674d93010cb011725647e
  CapacitorApp: febecbb9582cb353aed037e18ec765141f880fe9
  CapacitorCamera: 6e73f1fc6c629a672658705a02409b60854bc0f1
  CapacitorClipboard: 70bfdb42b877b320a6e511ab94fa7a6a55d57ecb
  CapacitorCommunitySafeArea: 3f049619072ab5d0da2529bcb05b358ff6c13dc1
  CapacitorCordova: 5967b9ba03915ef1d585469d6e31f31dc49be96f
  CapacitorDevice: 81ae78d5d1942707caad79276badd458bf6ec603
  CapacitorFilesystem: e6261c410436f54908c11f94336c5b58286b1db0
  CapacitorHaptics: 1f1e17041f435d8ead9ff2a34edd592c6aa6a8d6
  CapacitorKeyboard: 09fd91dcde4f8a37313e7f11bde553ad1ed52036
  CapacitorNetwork: 15cb4385f0913a8ceb5e9a4d7af1ec554bdb8de8
  CapacitorShare: e573823f511f260f598d0423c33b1e3d7bbe5fd1
  CapacitorSplashScreen: 1d67815a422a9b61539c94f283c08ed56667c0fc
  CapacitorStatusBar: 6e7af040d8fc4dd655999819625cae9c2d74c36f
  CapgoCapacitorNavigationBar: 067b1c1d1ede5ce96200a730ce7fd498e9641509
  JcesarmobileSslSkip: 5fa98636a64c36faa50f32ab4daf34e38f4d45b9
  SendIntent: 8a6f646a4489f788d253ffbd1082a98ea388d870
  StayLiquid: dac4b6cd7761472754f97d367ba4651ca79fcd2e

PODFILE CHECKSUM: 858411d5b4560fd80593ea76b0fd6359bccabec3

COCOAPODS: 1.16.2
