{
  "name": "api",
  "version": "0.0.1",
  "lockfileVersion": 1,
  "requires": true,
  "dependencies": {
    "asn1.js": {
      "version": "4.10.1",
      "resolved": "https://registry.npmjs.org/asn1.js/-/asn1.js-4.10.1.tgz",
      "integrity": "sha512-p32cOF5q0Zqs9uBiONKYLm6BClCoBCM5O9JfeUSlnQLBTxYdTK+pW+nXflm8UkKd2UYlEbYz5qEi0JuZR9ckSw==",
      "dev": true,
      "requires": {
        "bn.js": "^4.0.0",
        "inherits": "^2.0.1",
        "minimalistic-assert": "^1.0.0"
      }
    },
    "assert": {
      "version": "1.5.0",
      "resolved": "https://registry.npmjs.org/assert/-/assert-1.5.0.tgz",
      "integrity": "sha512-EDsgawzwoun2CZkCgtxJbv392v4nbk9XDD06zI+kQYoBM/3RBWLlEyJARDOmhAAosBjWACEkKL6S+lIZtcAubA==",
      "dev": true,
      "requires": {
        "object-assign": "^4.1.1",
        "util": "0.10.3"
      },
      "dependencies": {
        "util": {
          "version": "0.10.3",
          "resolved": "https://registry.npmjs.org/util/-/util-0.10.3.tgz",
          "integrity": "sha1-evsa/lCAUkZInj23/g7TeTNqwPk=",
          "dev": true,
          "requires": {
            "inherits": "2.0.1"
          }
        }
      }
    },
    "async-limiter": {
      "version": "1.0.1",
      "resolved": "https://registry.npmjs.org/async-limiter/-/async-limiter-1.0.1.tgz",
      "integrity": "sha512-csOlWGAcRFJaI6m+F2WKdnMKr4HhdhFVBk0H/QbJFMCr+uO2kwohwXQPxw/9OCxp05r5ghVBFSyioixx3gfkNQ==",
      "dev": true
    },
    "base64-js": {
      "version": "1.3.1",
      "resolved": "https://registry.npmjs.org/base64-js/-/base64-js-1.3.1.tgz",
      "integrity": "sha512-mLQ4i2QO1ytvGWFWmcngKO//JXAQueZvwEKtjgQFM4jIK0kU+ytMfplL8j+n5mspOfjHwoAg+9yhb7BwAHm36g==",
      "dev": true
    },
    "bn.js": {
      "version": "4.11.8",
      "resolved": "https://registry.npmjs.org/bn.js/-/bn.js-4.11.8.tgz",
      "integrity": "sha512-ItfYfPLkWHUjckQCk8xC+LwxgK8NYcXywGigJgSwOP8Y2iyWT4f2vsZnoOXTTbo+o5yXmIUJ4gn5538SO5S3gA==",
      "dev": true
    },
    "brorand": {
      "version": "1.1.0",
      "resolved": "https://registry.npmjs.org/brorand/-/brorand-1.1.0.tgz",
      "integrity": "sha1-EsJe/kCkXjwyPrhnWgoM5XsiNx8=",
      "dev": true
    },
    "browserify-aes": {
      "version": "1.2.0",
      "resolved": "https://registry.npmjs.org/browserify-aes/-/browserify-aes-1.2.0.tgz",
      "integrity": "sha512-+7CHXqGuspUn/Sl5aO7Ea0xWGAtETPXNSAjHo48JfLdPWcMng33Xe4znFvQweqc/uzk5zSOI3H52CYnjCfb5hA==",
      "dev": true,
      "requires": {
        "buffer-xor": "^1.0.3",
        "cipher-base": "^1.0.0",
        "create-hash": "^1.1.0",
        "evp_bytestokey": "^1.0.3",
        "inherits": "^2.0.1",
        "safe-buffer": "^5.0.1"
      }
    },
    "browserify-cipher": {
      "version": "1.0.1",
      "resolved": "https://registry.npmjs.org/browserify-cipher/-/browserify-cipher-1.0.1.tgz",
      "integrity": "sha512-sPhkz0ARKbf4rRQt2hTpAHqn47X3llLkUGn+xEJzLjwY8LRs2p0v7ljvI5EyoRO/mexrNunNECisZs+gw2zz1w==",
      "dev": true,
      "requires": {
        "browserify-aes": "^1.0.4",
        "browserify-des": "^1.0.0",
        "evp_bytestokey": "^1.0.0"
      }
    },
    "browserify-des": {
      "version": "1.0.2",
      "resolved": "https://registry.npmjs.org/browserify-des/-/browserify-des-1.0.2.tgz",
      "integrity": "sha512-BioO1xf3hFwz4kc6iBhI3ieDFompMhrMlnDFC4/0/vd5MokpuAc3R+LYbwTA9A5Yc9pq9UYPqffKpW2ObuwX5A==",
      "dev": true,
      "requires": {
        "cipher-base": "^1.0.1",
        "des.js": "^1.0.0",
        "inherits": "^2.0.1",
        "safe-buffer": "^5.1.2"
      }
    },
    "browserify-rsa": {
      "version": "4.0.1",
      "resolved": "https://registry.npmjs.org/browserify-rsa/-/browserify-rsa-4.0.1.tgz",
      "integrity": "sha1-IeCr+vbyApzy+vsTNWenAdQTVSQ=",
      "dev": true,
      "requires": {
        "bn.js": "^4.1.0",
        "randombytes": "^2.0.1"
      }
    },
    "browserify-sign": {
      "version": "4.0.4",
      "resolved": "https://registry.npmjs.org/browserify-sign/-/browserify-sign-4.0.4.tgz",
      "integrity": "sha1-qk62jl17ZYuqa/alfmMMvXqT0pg=",
      "dev": true,
      "requires": {
        "bn.js": "^4.1.1",
        "browserify-rsa": "^4.0.0",
        "create-hash": "^1.1.0",
        "create-hmac": "^1.1.2",
        "elliptic": "^6.0.0",
        "inherits": "^2.0.1",
        "parse-asn1": "^5.0.0"
      }
    },
    "browserify-zlib": {
      "version": "0.2.0",
      "resolved": "https://registry.npmjs.org/browserify-zlib/-/browserify-zlib-0.2.0.tgz",
      "integrity": "sha512-Z942RysHXmJrhqk88FmKBVq/v5tqmSkDz7p54G/MGyjMnCFFnC79XWNbg+Vta8W6Wb2qtSZTSxIGkJrRpCFEiA==",
      "dev": true,
      "requires": {
        "pako": "~1.0.5"
      }
    },
    "buffer": {
      "version": "4.9.2",
      "resolved": "https://registry.npmjs.org/buffer/-/buffer-4.9.2.tgz",
      "integrity": "sha512-xq+q3SRMOxGivLhBNaUdC64hDTQwejJ+H0T/NB1XMtTVEwNTrfFF3gAxiyW0Bu/xWEGhjVKgUcMhCrUy2+uCWg==",
      "dev": true,
      "requires": {
        "base64-js": "^1.0.2",
        "ieee754": "^1.1.4",
        "isarray": "^1.0.0"
      }
    },
    "buffer-xor": {
      "version": "1.0.3",
      "resolved": "https://registry.npmjs.org/buffer-xor/-/buffer-xor-1.0.3.tgz",
      "integrity": "sha1-JuYe0UIvtw3ULm42cp7VHYVf6Nk=",
      "dev": true
    },
    "builtin-status-codes": {
      "version": "3.0.0",
      "resolved": "https://registry.npmjs.org/builtin-status-codes/-/builtin-status-codes-3.0.0.tgz",
      "integrity": "sha1-hZgoeOIbmOHGZCXgPQF0eI9Wnug=",
      "dev": true
    },
    "cipher-base": {
      "version": "1.0.4",
      "resolved": "https://registry.npmjs.org/cipher-base/-/cipher-base-1.0.4.tgz",
      "integrity": "sha512-Kkht5ye6ZGmwv40uUDZztayT2ThLQGfnj/T71N/XzeZeo3nf8foyW7zGTsPYkEya3m5f3cAypH+qe7YOrM1U2Q==",
      "dev": true,
      "requires": {
        "inherits": "^2.0.1",
        "safe-buffer": "^5.0.1"
      }
    },
    "console-browserify": {
      "version": "1.2.0",
      "resolved": "https://registry.npmjs.org/console-browserify/-/console-browserify-1.2.0.tgz",
      "integrity": "sha512-ZMkYO/LkF17QvCPqM0gxw8yUzigAOZOSWSHg91FH6orS7vcEj5dVZTidN2fQ14yBSdg97RqhSNwLUXInd52OTA==",
      "dev": true
    },
    "constants-browserify": {
      "version": "1.0.0",
      "resolved": "https://registry.npmjs.org/constants-browserify/-/constants-browserify-1.0.0.tgz",
      "integrity": "sha1-wguW2MYXdIqvHBYCF2DNJ/y4y3U=",
      "dev": true
    },
    "core-util-is": {
      "version": "1.0.2",
      "resolved": "https://registry.npmjs.org/core-util-is/-/core-util-is-1.0.2.tgz",
      "integrity": "sha1-tf1UIgqivFq1eqtxQMlAdUUDwac=",
      "dev": true
    },
    "create-ecdh": {
      "version": "4.0.3",
      "resolved": "https://registry.npmjs.org/create-ecdh/-/create-ecdh-4.0.3.tgz",
      "integrity": "sha512-GbEHQPMOswGpKXM9kCWVrremUcBmjteUaQ01T9rkKCPDXfUHX0IoP9LpHYo2NPFampa4e+/pFDc3jQdxrxQLaw==",
      "dev": true,
      "requires": {
        "bn.js": "^4.1.0",
        "elliptic": "^6.0.0"
      }
    },
    "create-hash": {
      "version": "1.2.0",
      "resolved": "https://registry.npmjs.org/create-hash/-/create-hash-1.2.0.tgz",
      "integrity": "sha512-z00bCGNHDG8mHAkP7CtT1qVu+bFQUPjYq/4Iv3C3kWjTFV10zIjfSoeqXo9Asws8gwSHDGj/hl2u4OGIjapeCg==",
      "dev": true,
      "requires": {
        "cipher-base": "^1.0.1",
        "inherits": "^2.0.1",
        "md5.js": "^1.3.4",
        "ripemd160": "^2.0.1",
        "sha.js": "^2.4.0"
      }
    },
    "create-hmac": {
      "version": "1.1.7",
      "resolved": "https://registry.npmjs.org/create-hmac/-/create-hmac-1.1.7.tgz",
      "integrity": "sha512-MJG9liiZ+ogc4TzUwuvbER1JRdgvUFSB5+VR/g5h82fGaIRWMWddtKBHi7/sVhfjQZ6SehlyhvQYrcYkaUIpLg==",
      "dev": true,
      "requires": {
        "cipher-base": "^1.0.3",
        "create-hash": "^1.1.0",
        "inherits": "^2.0.1",
        "ripemd160": "^2.0.0",
        "safe-buffer": "^5.0.1",
        "sha.js": "^2.4.8"
      }
    },
    "crypto-browserify": {
      "version": "3.12.0",
      "resolved": "https://registry.npmjs.org/crypto-browserify/-/crypto-browserify-3.12.0.tgz",
      "integrity": "sha512-fz4spIh+znjO2VjL+IdhEpRJ3YN6sMzITSBijk6FK2UvTqruSQW+/cCZTSNsMiZNvUeq0CqurF+dAbyiGOY6Wg==",
      "dev": true,
      "requires": {
        "browserify-cipher": "^1.0.0",
        "browserify-sign": "^4.0.0",
        "create-ecdh": "^4.0.0",
        "create-hash": "^1.1.0",
        "create-hmac": "^1.1.0",
        "diffie-hellman": "^5.0.0",
        "inherits": "^2.0.1",
        "pbkdf2": "^3.0.3",
        "public-encrypt": "^4.0.0",
        "randombytes": "^2.0.0",
        "randomfill": "^1.0.3"
      }
    },
    "des.js": {
      "version": "1.0.1",
      "resolved": "https://registry.npmjs.org/des.js/-/des.js-1.0.1.tgz",
      "integrity": "sha512-Q0I4pfFrv2VPd34/vfLrFOoRmlYj3OV50i7fskps1jZWK1kApMWWT9G6RRUeYedLcBDIhnSDaUvJMb3AhUlaEA==",
      "dev": true,
      "requires": {
        "inherits": "^2.0.1",
        "minimalistic-assert": "^1.0.0"
      }
    },
    "diffie-hellman": {
      "version": "5.0.3",
      "resolved": "https://registry.npmjs.org/diffie-hellman/-/diffie-hellman-5.0.3.tgz",
      "integrity": "sha512-kqag/Nl+f3GwyK25fhUMYj81BUOrZ9IuJsjIcDE5icNM9FJHAVm3VcUDxdLPoQtTuUylWm6ZIknYJwwaPxsUzg==",
      "dev": true,
      "requires": {
        "bn.js": "^4.1.0",
        "miller-rabin": "^4.0.0",
        "randombytes": "^2.0.0"
      }
    },
    "domain-browser": {
      "version": "1.2.0",
      "resolved": "https://registry.npmjs.org/domain-browser/-/domain-browser-1.2.0.tgz",
      "integrity": "sha512-jnjyiM6eRyZl2H+W8Q/zLMA481hzi0eszAaBUzIVnmYVDBbnLxVNnfu1HgEBvCbL+71FrxMl3E6lpKH7Ge3OXA==",
      "dev": true
    },
    "elliptic": {
      "version": "6.5.2",
      "resolved": "https://registry.npmjs.org/elliptic/-/elliptic-6.5.2.tgz",
      "integrity": "sha512-f4x70okzZbIQl/NSRLkI/+tteV/9WqL98zx+SQ69KbXxmVrmjwsNUPn/gYJJ0sHvEak24cZgHIPegRePAtA/xw==",
      "dev": true,
      "requires": {
        "bn.js": "^4.4.0",
        "brorand": "^1.0.1",
        "hash.js": "^1.0.0",
        "hmac-drbg": "^1.0.0",
        "inherits": "^2.0.1",
        "minimalistic-assert": "^1.0.0",
        "minimalistic-crypto-utils": "^1.0.0"
      }
    },
    "events": {
      "version": "3.1.0",
      "resolved": "https://registry.npmjs.org/events/-/events-3.1.0.tgz",
      "integrity": "sha512-Rv+u8MLHNOdMjTAFeT3nCjHn2aGlx435FP/sDHNaRhDEMwyI/aB22Kj2qIN8R0cw3z28psEQLYwxVKLsKrMgWg==",
      "dev": true
    },
    "evp_bytestokey": {
      "version": "1.0.3",
      "resolved": "https://registry.npmjs.org/evp_bytestokey/-/evp_bytestokey-1.0.3.tgz",
      "integrity": "sha512-/f2Go4TognH/KvCISP7OUsHn85hT9nUkxxA9BEWxFn+Oj9o8ZNLm/40hdlgSLyuOimsrTKLUMEorQexp/aPQeA==",
      "dev": true,
      "requires": {
        "md5.js": "^1.3.4",
        "safe-buffer": "^5.1.1"
      }
    },
    "hash-base": {
      "version": "3.0.4",
      "resolved": "https://registry.npmjs.org/hash-base/-/hash-base-3.0.4.tgz",
      "integrity": "sha1-X8hoaEfs1zSZQDMZprCj8/auSRg=",
      "dev": true,
      "requires": {
        "inherits": "^2.0.1",
        "safe-buffer": "^5.0.1"
      }
    },
    "hash.js": {
      "version": "1.1.7",
      "resolved": "https://registry.npmjs.org/hash.js/-/hash.js-1.1.7.tgz",
      "integrity": "sha512-taOaskGt4z4SOANNseOviYDvjEJinIkRgmp7LbKP2YTTmVxWBl87s/uzK9r+44BclBSp2X7K1hqeNfz9JbBeXA==",
      "dev": true,
      "requires": {
        "inherits": "^2.0.3",
        "minimalistic-assert": "^1.0.1"
      },
      "dependencies": {
        "inherits": {
          "version": "2.0.4",
          "resolved": "https://registry.npmjs.org/inherits/-/inherits-2.0.4.tgz",
          "integrity": "sha512-k/vGaX4/Yla3WzyMCvTQOXYeIHvqOKtnqBduzTHpzpQZzAskKMhZ2K+EnBiSM9zGSoIFeMpXKxa4dYeZIQqewQ==",
          "dev": true
        }
      }
    },
    "hmac-drbg": {
      "version": "1.0.1",
      "resolved": "https://registry.npmjs.org/hmac-drbg/-/hmac-drbg-1.0.1.tgz",
      "integrity": "sha1-0nRXAQJabHdabFRXk+1QL8DGSaE=",
      "dev": true,
      "requires": {
        "hash.js": "^1.0.3",
        "minimalistic-assert": "^1.0.0",
        "minimalistic-crypto-utils": "^1.0.1"
      }
    },
    "https-browserify": {
      "version": "1.0.0",
      "resolved": "https://registry.npmjs.org/https-browserify/-/https-browserify-1.0.0.tgz",
      "integrity": "sha1-7AbBDgo0wPL68Zn3/X/Hj//QPHM=",
      "dev": true
    },
    "ieee754": {
      "version": "1.1.13",
      "resolved": "https://registry.npmjs.org/ieee754/-/ieee754-1.1.13.tgz",
      "integrity": "sha512-4vf7I2LYV/HaWerSo3XmlMkp5eZ83i+/CDluXi/IGTs/O1sejBNhTtnxzmRZfvOUqj7lZjqHkeTvpgSFDlWZTg==",
      "dev": true
    },
    "inherits": {
      "version": "2.0.1",
      "resolved": "https://registry.npmjs.org/inherits/-/inherits-2.0.1.tgz",
      "integrity": "sha1-sX0I0ya0Qj5Wjv9xn5GwscvfafE=",
      "dev": true
    },
    "isarray": {
      "version": "1.0.0",
      "resolved": "https://registry.npmjs.org/isarray/-/isarray-1.0.0.tgz",
      "integrity": "sha1-u5NdSFgsuhaMBoNJV6VKPgcSTxE=",
      "dev": true
    },
    "isexe": {
      "version": "2.0.0",
      "resolved": "https://registry.npmjs.org/isexe/-/isexe-2.0.0.tgz",
      "integrity": "sha1-6PvzdNxVb/iUehDcsFctYz8s+hA=",
      "dev": true
    },
    "md5.js": {
      "version": "1.3.5",
      "resolved": "https://registry.npmjs.org/md5.js/-/md5.js-1.3.5.tgz",
      "integrity": "sha512-xitP+WxNPcTTOgnTJcrhM0xvdPepipPSf3I8EIpGKeFLjt3PlJLIDG3u8EX53ZIubkb+5U2+3rELYpEhHhzdkg==",
      "dev": true,
      "requires": {
        "hash-base": "^3.0.0",
        "inherits": "^2.0.1",
        "safe-buffer": "^5.1.2"
      }
    },
    "miller-rabin": {
      "version": "4.0.1",
      "resolved": "https://registry.npmjs.org/miller-rabin/-/miller-rabin-4.0.1.tgz",
      "integrity": "sha512-115fLhvZVqWwHPbClyntxEVfVDfl9DLLTuJvq3g2O/Oxi8AiNouAHvDSzHS0viUJc+V5vm3eq91Xwqn9dp4jRA==",
      "dev": true,
      "requires": {
        "bn.js": "^4.0.0",
        "brorand": "^1.0.1"
      }
    },
    "minimalistic-assert": {
      "version": "1.0.1",
      "resolved": "https://registry.npmjs.org/minimalistic-assert/-/minimalistic-assert-1.0.1.tgz",
      "integrity": "sha512-UtJcAD4yEaGtjPezWuO9wC4nwUnVH/8/Im3yEHQP4b67cXlD/Qr9hdITCU1xDbSEXg2XKNaP8jsReV7vQd00/A==",
      "dev": true
    },
    "minimalistic-crypto-utils": {
      "version": "1.0.1",
      "resolved": "https://registry.npmjs.org/minimalistic-crypto-utils/-/minimalistic-crypto-utils-1.0.1.tgz",
      "integrity": "sha1-9sAMHAsIIkblxNmd+4x8CDsrWCo=",
      "dev": true
    },
    "minimist": {
      "version": "1.2.5",
      "resolved": "https://registry.npmjs.org/minimist/-/minimist-1.2.5.tgz",
      "integrity": "sha512-FM9nNUYrRBAELZQT3xeZQ7fmMOBg6nWNmJKTcgsJeaLstP/UODVpGsr5OhXhhXg6f+qtJ8uiZ+PUxkDWcgIXLw==",
      "dev": true
    },
    "mkdirp": {
      "version": "0.5.3",
      "resolved": "https://registry.npmjs.org/mkdirp/-/mkdirp-0.5.3.tgz",
      "integrity": "sha512-P+2gwrFqx8lhew375MQHHeTlY8AuOJSrGf0R5ddkEndUkmwpgUob/vQuBD1V22/Cw1/lJr4x+EjllSezBThzBg==",
      "dev": true,
      "requires": {
        "minimist": "^1.2.5"
      }
    },
    "node-libs-browser": {
      "version": "2.2.1",
      "resolved": "https://registry.npmjs.org/node-libs-browser/-/node-libs-browser-2.2.1.tgz",
      "integrity": "sha512-h/zcD8H9kaDZ9ALUWwlBUDo6TKF8a7qBSCSEGfjTVIYeqsioSKaAX+BN7NgiMGp6iSIXZ3PxgCu8KS3b71YK5Q==",
      "dev": true,
      "requires": {
        "assert": "^1.1.1",
        "browserify-zlib": "^0.2.0",
        "buffer": "^4.3.0",
        "console-browserify": "^1.1.0",
        "constants-browserify": "^1.0.0",
        "crypto-browserify": "^3.11.0",
        "domain-browser": "^1.1.1",
        "events": "^3.0.0",
        "https-browserify": "^1.0.0",
        "os-browserify": "^0.3.0",
        "path-browserify": "0.0.1",
        "process": "^0.11.10",
        "punycode": "^1.2.4",
        "querystring-es3": "^0.2.0",
        "readable-stream": "^2.3.3",
        "stream-browserify": "^2.0.1",
        "stream-http": "^2.7.2",
        "string_decoder": "^1.0.0",
        "timers-browserify": "^2.0.4",
        "tty-browserify": "0.0.0",
        "url": "^0.11.0",
        "util": "^0.11.0",
        "vm-browserify": "^1.0.1"
      }
    },
    "object-assign": {
      "version": "4.1.1",
      "resolved": "https://registry.npmjs.org/object-assign/-/object-assign-4.1.1.tgz",
      "integrity": "sha1-IQmtx5ZYh8/AXLvUQsrIv7s2CGM=",
      "dev": true
    },
    "os-browserify": {
      "version": "0.3.0",
      "resolved": "https://registry.npmjs.org/os-browserify/-/os-browserify-0.3.0.tgz",
      "integrity": "sha1-hUNzx/XCMVkU/Jv8a9gjj92h7Cc=",
      "dev": true
    },
    "pako": {
      "version": "1.0.11",
      "resolved": "https://registry.npmjs.org/pako/-/pako-1.0.11.tgz",
      "integrity": "sha512-4hLB8Py4zZce5s4yd9XzopqwVv/yGNhV1Bl8NTmCq1763HeK2+EwVTv+leGeL13Dnh2wfbqowVPXCIO0z4taYw==",
      "dev": true
    },
    "parse-asn1": {
      "version": "5.1.5",
      "resolved": "https://registry.npmjs.org/parse-asn1/-/parse-asn1-5.1.5.tgz",
      "integrity": "sha512-jkMYn1dcJqF6d5CpU689bq7w/b5ALS9ROVSpQDPrZsqqesUJii9qutvoT5ltGedNXMO2e16YUWIghG9KxaViTQ==",
      "dev": true,
      "requires": {
        "asn1.js": "^4.0.0",
        "browserify-aes": "^1.0.0",
        "create-hash": "^1.1.0",
        "evp_bytestokey": "^1.0.0",
        "pbkdf2": "^3.0.3",
        "safe-buffer": "^5.1.1"
      }
    },
    "path-browserify": {
      "version": "0.0.1",
      "resolved": "https://registry.npmjs.org/path-browserify/-/path-browserify-0.0.1.tgz",
      "integrity": "sha512-BapA40NHICOS+USX9SN4tyhq+A2RrN/Ws5F0Z5aMHDp98Fl86lX8Oti8B7uN93L4Ifv4fHOEA+pQw87gmMO/lQ==",
      "dev": true
    },
    "pbkdf2": {
      "version": "3.0.17",
      "resolved": "https://registry.npmjs.org/pbkdf2/-/pbkdf2-3.0.17.tgz",
      "integrity": "sha512-U/il5MsrZp7mGg3mSQfn742na2T+1/vHDCG5/iTI3X9MKUuYUZVLQhyRsg06mCgDBTd57TxzgZt7P+fYfjRLtA==",
      "dev": true,
      "requires": {
        "create-hash": "^1.1.2",
        "create-hmac": "^1.1.4",
        "ripemd160": "^2.0.1",
        "safe-buffer": "^5.0.1",
        "sha.js": "^2.4.8"
      }
    },
    "process": {
      "version": "0.11.10",
      "resolved": "https://registry.npmjs.org/process/-/process-0.11.10.tgz",
      "integrity": "sha1-czIwDoQBYb2j5podHZGn1LwW8YI=",
      "dev": true
    },
    "process-nextick-args": {
      "version": "2.0.1",
      "resolved": "https://registry.npmjs.org/process-nextick-args/-/process-nextick-args-2.0.1.tgz",
      "integrity": "sha512-3ouUOpQhtgrbOa17J7+uxOTpITYWaGP7/AhoR3+A+/1e9skrzelGi/dXzEYyvbxubEF6Wn2ypscTKiKJFFn1ag==",
      "dev": true
    },
    "public-encrypt": {
      "version": "4.0.3",
      "resolved": "https://registry.npmjs.org/public-encrypt/-/public-encrypt-4.0.3.tgz",
      "integrity": "sha512-zVpa8oKZSz5bTMTFClc1fQOnyyEzpl5ozpi1B5YcvBrdohMjH2rfsBtyXcuNuwjsDIXmBYlF2N5FlJYhR29t8Q==",
      "dev": true,
      "requires": {
        "bn.js": "^4.1.0",
        "browserify-rsa": "^4.0.0",
        "create-hash": "^1.1.0",
        "parse-asn1": "^5.0.0",
        "randombytes": "^2.0.1",
        "safe-buffer": "^5.1.2"
      }
    },
    "punycode": {
      "version": "1.4.1",
      "resolved": "https://registry.npmjs.org/punycode/-/punycode-1.4.1.tgz",
      "integrity": "sha1-wNWmOycYgArY4esPpSachN1BhF4=",
      "dev": true
    },
    "querystring": {
      "version": "0.2.0",
      "resolved": "https://registry.npmjs.org/querystring/-/querystring-0.2.0.tgz",
      "integrity": "sha1-sgmEkgO7Jd+CDadW50cAWHhSFiA=",
      "dev": true
    },
    "querystring-es3": {
      "version": "0.2.1",
      "resolved": "https://registry.npmjs.org/querystring-es3/-/querystring-es3-0.2.1.tgz",
      "integrity": "sha1-nsYfeQSYdXB9aUFFlv2Qek1xHnM=",
      "dev": true
    },
    "randombytes": {
      "version": "2.1.0",
      "resolved": "https://registry.npmjs.org/randombytes/-/randombytes-2.1.0.tgz",
      "integrity": "sha512-vYl3iOX+4CKUWuxGi9Ukhie6fsqXqS9FE2Zaic4tNFD2N2QQaXOMFbuKK4QmDHC0JO6B1Zp41J0LpT0oR68amQ==",
      "dev": true,
      "requires": {
        "safe-buffer": "^5.1.0"
      }
    },
    "randomfill": {
      "version": "1.0.4",
      "resolved": "https://registry.npmjs.org/randomfill/-/randomfill-1.0.4.tgz",
      "integrity": "sha512-87lcbR8+MhcWcUiQ+9e+Rwx8MyR2P7qnt15ynUlbm3TU/fjbgz4GsvfSUDTemtCCtVCqb4ZcEFlyPNTh9bBTLw==",
      "dev": true,
      "requires": {
        "randombytes": "^2.0.5",
        "safe-buffer": "^5.1.0"
      }
    },
    "readable-stream": {
      "version": "2.3.7",
      "resolved": "https://registry.npmjs.org/readable-stream/-/readable-stream-2.3.7.tgz",
      "integrity": "sha512-Ebho8K4jIbHAxnuxi7o42OrZgF/ZTNcsZj6nRKyUmkhLFq8CHItp/fy6hQZuZmP/n3yZ9VBUbp4zz/mX8hmYPw==",
      "dev": true,
      "requires": {
        "core-util-is": "~1.0.0",
        "inherits": "~2.0.3",
        "isarray": "~1.0.0",
        "process-nextick-args": "~2.0.0",
        "safe-buffer": "~5.1.1",
        "string_decoder": "~1.1.1",
        "util-deprecate": "~1.0.1"
      },
      "dependencies": {
        "inherits": {
          "version": "2.0.4",
          "resolved": "https://registry.npmjs.org/inherits/-/inherits-2.0.4.tgz",
          "integrity": "sha512-k/vGaX4/Yla3WzyMCvTQOXYeIHvqOKtnqBduzTHpzpQZzAskKMhZ2K+EnBiSM9zGSoIFeMpXKxa4dYeZIQqewQ==",
          "dev": true
        },
        "safe-buffer": {
          "version": "5.1.2",
          "resolved": "https://registry.npmjs.org/safe-buffer/-/safe-buffer-5.1.2.tgz",
          "integrity": "sha512-Gd2UZBJDkXlY7GbJxfsE8/nvKkUEU1G38c1siN6QP6a9PT9MmHB8GnpscSmMJSoF8LOIrt8ud/wPtojys4G6+g==",
          "dev": true
        },
        "string_decoder": {
          "version": "1.1.1",
          "resolved": "https://registry.npmjs.org/string_decoder/-/string_decoder-1.1.1.tgz",
          "integrity": "sha512-n/ShnvDi6FHbbVfviro+WojiFzv+s8MPMHBczVePfUpDJLwoLT0ht1l4YwBCbi8pJAveEEdnkHyPyTP/mzRfwg==",
          "dev": true,
          "requires": {
            "safe-buffer": "~5.1.0"
          }
        }
      }
    },
    "readline-sync": {
      "version": "1.4.10",
      "resolved": "https://registry.npmjs.org/readline-sync/-/readline-sync-1.4.10.tgz",
      "integrity": "sha512-gNva8/6UAe8QYepIQH/jQ2qn91Qj0B9sYjMBBs3QOB8F2CXcKgLxQaJRP76sWVRQt+QU+8fAkCbCvjjMFu7Ycw==",
      "dev": true
    },
    "ripemd160": {
      "version": "2.0.2",
      "resolved": "https://registry.npmjs.org/ripemd160/-/ripemd160-2.0.2.tgz",
      "integrity": "sha512-ii4iagi25WusVoiC4B4lq7pbXfAp3D9v5CwfkY33vffw2+pkDjY1D8GaN7spsxvCSx8dkPqOZCEZyfxcmJG2IA==",
      "dev": true,
      "requires": {
        "hash-base": "^3.0.0",
        "inherits": "^2.0.1"
      }
    },
    "safe-buffer": {
      "version": "5.2.0",
      "resolved": "https://registry.npmjs.org/safe-buffer/-/safe-buffer-5.2.0.tgz",
      "integrity": "sha512-fZEwUGbVl7kouZs1jCdMLdt95hdIv0ZeHg6L7qPeciMZhZ+/gdesW4wgTARkrFWEpspjEATAzUGPG8N2jJiwbg==",
      "dev": true
    },
    "setimmediate": {
      "version": "1.0.5",
      "resolved": "https://registry.npmjs.org/setimmediate/-/setimmediate-1.0.5.tgz",
      "integrity": "sha1-KQy7Iy4waULX1+qbg3Mqt4VvgoU=",
      "dev": true
    },
    "sha.js": {
      "version": "2.4.11",
      "resolved": "https://registry.npmjs.org/sha.js/-/sha.js-2.4.11.tgz",
      "integrity": "sha512-QMEp5B7cftE7APOjk5Y6xgrbWu+WkLVQwk8JNjZ8nKRciZaByEW6MubieAiToS7+dwvrjGhH8jRXz3MVd0AYqQ==",
      "dev": true,
      "requires": {
        "inherits": "^2.0.1",
        "safe-buffer": "^5.0.1"
      }
    },
    "shadow-cljs": {
      "version": "2.8.93",
      "resolved": "https://registry.npmjs.org/shadow-cljs/-/shadow-cljs-2.8.93.tgz",
      "integrity": "sha512-JWxdfLZextA55oo/ZkTt+D5aszaNs0UR/V7j/jKI7aSbc46uJrycSalkQEvTzFkr+E7BiLdBsI6zBqezRgEgDw==",
      "dev": true,
      "requires": {
        "mkdirp": "^0.5.1",
        "node-libs-browser": "^2.0.0",
        "readline-sync": "^1.4.7",
        "shadow-cljs-jar": "1.3.2",
        "source-map-support": "^0.4.15",
        "which": "^1.3.1",
        "ws": "^3.0.0"
      }
    },
    "shadow-cljs-jar": {
      "version": "1.3.2",
      "resolved": "https://registry.npmjs.org/shadow-cljs-jar/-/shadow-cljs-jar-1.3.2.tgz",
      "integrity": "sha512-XmeffAZHv8z7451kzeq9oKh8fh278Ak+UIOGGrapyqrFBB773xN8vMQ3O7J7TYLnb9BUwcqadKkmgaq7q6fhZg==",
      "dev": true
    },
    "source-map": {
      "version": "0.5.7",
      "resolved": "https://registry.npmjs.org/source-map/-/source-map-0.5.7.tgz",
      "integrity": "sha1-igOdLRAh0i0eoUyA2OpGi6LvP8w=",
      "dev": true
    },
    "source-map-support": {
      "version": "0.4.18",
      "resolved": "https://registry.npmjs.org/source-map-support/-/source-map-support-0.4.18.tgz",
      "integrity": "sha512-try0/JqxPLF9nOjvSta7tVondkP5dwgyLDjVoyMDlmjugT2lRZ1OfsrYTkCd2hkDnJTKRbO/Rl3orm8vlsUzbA==",
      "dev": true,
      "requires": {
        "source-map": "^0.5.6"
      }
    },
    "stream-browserify": {
      "version": "2.0.2",
      "resolved": "https://registry.npmjs.org/stream-browserify/-/stream-browserify-2.0.2.tgz",
      "integrity": "sha512-nX6hmklHs/gr2FuxYDltq8fJA1GDlxKQCz8O/IM4atRqBH8OORmBNgfvW5gG10GT/qQ9u0CzIvr2X5Pkt6ntqg==",
      "dev": true,
      "requires": {
        "inherits": "~2.0.1",
        "readable-stream": "^2.0.2"
      }
    },
    "stream-http": {
      "version": "2.8.3",
      "resolved": "https://registry.npmjs.org/stream-http/-/stream-http-2.8.3.tgz",
      "integrity": "sha512-+TSkfINHDo4J+ZobQLWiMouQYB+UVYFttRA94FpEzzJ7ZdqcL4uUUQ7WkdkI4DSozGmgBUE/a47L+38PenXhUw==",
      "dev": true,
      "requires": {
        "builtin-status-codes": "^3.0.0",
        "inherits": "^2.0.1",
        "readable-stream": "^2.3.6",
        "to-arraybuffer": "^1.0.0",
        "xtend": "^4.0.0"
      }
    },
    "string_decoder": {
      "version": "1.3.0",
      "resolved": "https://registry.npmjs.org/string_decoder/-/string_decoder-1.3.0.tgz",
      "integrity": "sha512-hkRX8U1WjJFd8LsDJ2yQ/wWWxaopEsABU1XfkM8A+j0+85JAGppt16cr1Whg6KIbb4okU6Mql6BOj+uup/wKeA==",
      "dev": true,
      "requires": {
        "safe-buffer": "~5.2.0"
      }
    },
    "timers-browserify": {
      "version": "2.0.11",
      "resolved": "https://registry.npmjs.org/timers-browserify/-/timers-browserify-2.0.11.tgz",
      "integrity": "sha512-60aV6sgJ5YEbzUdn9c8kYGIqOubPoUdqQCul3SBAsRCZ40s6Y5cMcrW4dt3/k/EsbLVJNl9n6Vz3fTc+k2GeKQ==",
      "dev": true,
      "requires": {
        "setimmediate": "^1.0.4"
      }
    },
    "to-arraybuffer": {
      "version": "1.0.1",
      "resolved": "https://registry.npmjs.org/to-arraybuffer/-/to-arraybuffer-1.0.1.tgz",
      "integrity": "sha1-fSKbH8xjfkZsoIEYCDanqr/4P0M=",
      "dev": true
    },
    "tty-browserify": {
      "version": "0.0.0",
      "resolved": "https://registry.npmjs.org/tty-browserify/-/tty-browserify-0.0.0.tgz",
      "integrity": "sha1-oVe6QC2iTpv5V/mqadUk7tQpAaY=",
      "dev": true
    },
    "ultron": {
      "version": "1.1.1",
      "resolved": "https://registry.npmjs.org/ultron/-/ultron-1.1.1.tgz",
      "integrity": "sha512-UIEXBNeYmKptWH6z8ZnqTeS8fV74zG0/eRU9VGkpzz+LIJNs8W/zM/L+7ctCkRrgbNnnR0xxw4bKOr0cW0N0Og==",
      "dev": true
    },
    "url": {
      "version": "0.11.0",
      "resolved": "https://registry.npmjs.org/url/-/url-0.11.0.tgz",
      "integrity": "sha1-ODjpfPxgUh63PFJajlW/3Z4uKPE=",
      "dev": true,
      "requires": {
        "punycode": "1.3.2",
        "querystring": "0.2.0"
      },
      "dependencies": {
        "punycode": {
          "version": "1.3.2",
          "resolved": "https://registry.npmjs.org/punycode/-/punycode-1.3.2.tgz",
          "integrity": "sha1-llOgNvt8HuQjQvIyXM7v6jkmxI0=",
          "dev": true
        }
      }
    },
    "util": {
      "version": "0.11.1",
      "resolved": "https://registry.npmjs.org/util/-/util-0.11.1.tgz",
      "integrity": "sha512-HShAsny+zS2TZfaXxD9tYj4HQGlBezXZMZuM/S5PKLLoZkShZiGk9o5CzukI1LVHZvjdvZ2Sj1aW/Ndn2NB/HQ==",
      "dev": true,
      "requires": {
        "inherits": "2.0.3"
      },
      "dependencies": {
        "inherits": {
          "version": "2.0.3",
          "resolved": "https://registry.npmjs.org/inherits/-/inherits-2.0.3.tgz",
          "integrity": "sha1-Yzwsg+PaQqUC9SRmAiSA9CCCYd4=",
          "dev": true
        }
      }
    },
    "util-deprecate": {
      "version": "1.0.2",
      "resolved": "https://registry.npmjs.org/util-deprecate/-/util-deprecate-1.0.2.tgz",
      "integrity": "sha1-RQ1Nyfpw3nMnYvvS1KKJgUGaDM8=",
      "dev": true
    },
    "vm-browserify": {
      "version": "1.1.2",
      "resolved": "https://registry.npmjs.org/vm-browserify/-/vm-browserify-1.1.2.tgz",
      "integrity": "sha512-2ham8XPWTONajOR0ohOKOHXkm3+gaBmGut3SRuu75xLd/RRaY6vqgh8NBYYk7+RW3u5AtzPQZG8F10LHkl0lAQ==",
      "dev": true
    },
    "which": {
      "version": "1.3.1",
      "resolved": "https://registry.npmjs.org/which/-/which-1.3.1.tgz",
      "integrity": "sha512-HxJdYWq1MTIQbJ3nw0cqssHoTNU267KlrDuGZ1WYlxDStUtKUhOaJmh112/TZmHxxUfuJqPXSOm7tDyas0OSIQ==",
      "dev": true,
      "requires": {
        "isexe": "^2.0.0"
      }
    },
    "ws": {
      "version": "3.3.3",
      "resolved": "https://registry.npmjs.org/ws/-/ws-3.3.3.tgz",
      "integrity": "sha512-nnWLa/NwZSt4KQJu51MYlCcSQ5g7INpOrOMt4XV8j4dqTXdmlUmSHQ8/oLC069ckre0fRsgfvsKwbTdtKLCDkA==",
      "dev": true,
      "requires": {
        "async-limiter": "~1.0.0",
        "safe-buffer": "~5.1.0",
        "ultron": "~1.1.0"
      },
      "dependencies": {
        "safe-buffer": {
          "version": "5.1.2",
          "resolved": "https://registry.npmjs.org/safe-buffer/-/safe-buffer-5.1.2.tgz",
          "integrity": "sha512-Gd2UZBJDkXlY7GbJxfsE8/nvKkUEU1G38c1siN6QP6a9PT9MmHB8GnpscSmMJSoF8LOIrt8ud/wPtojys4G6+g==",
          "dev": true
        }
      }
    },
    "xtend": {
      "version": "4.0.2",
      "resolved": "https://registry.npmjs.org/xtend/-/xtend-4.0.2.tgz",
      "integrity": "sha512-LKYU1iAXJXUgAXn9URjiu+MWhyUXHsvfp7mcuYm9dSUKK0/CjtrUwFAxD82/mCWbtLsGjFIad0wIsod4zrTAEQ==",
      "dev": true
    }
  }
}
